
Microsoft Visual Studio Solution File, Format Version 12.00
# Visual Studio Version 17
VisualStudioVersion = 17.12.35707.178
MinimumVisualStudioVersion = 10.0.40219.1
Project("{FAE04EC0-301F-11D3-BF4B-00C04F79EFBC}") = "ChatbotAi.Api", "ChatbotAi.Api\ChatbotAi.Api.csproj", "{9AC3DA94-FABA-43B6-9997-8AE18D263093}"
EndProject
Project("{FAE04EC0-301F-11D3-BF4B-00C04F79EFBC}") = "ChatbotAi.Core", "ChatbotAi.Core\ChatbotAi.Core.csproj", "{9576BFA9-33B5-4822-82FB-3912A5556156}"
EndProject
Global
	GlobalSection(SolutionConfigurationPlatforms) = preSolution
		Debug|Any CPU = Debug|Any CPU
		Release|Any CPU = Release|Any CPU
	EndGlobalSection
	GlobalSection(ProjectConfigurationPlatforms) = postSolution
		{9AC3DA94-FABA-43B6-9997-8AE18D263093}.Debug|Any CPU.ActiveCfg = Debug|Any CPU
		{9AC3DA94-FABA-43B6-9997-8AE18D263093}.Debug|Any CPU.Build.0 = Debug|Any CPU
		{9AC3DA94-FABA-43B6-9997-8AE18D263093}.Release|Any CPU.ActiveCfg = Release|Any CPU
		{9AC3DA94-FABA-43B6-9997-8AE18D263093}.Release|Any CPU.Build.0 = Release|Any CPU
		{9576BFA9-33B5-4822-82FB-3912A5556156}.Debug|Any CPU.ActiveCfg = Debug|Any CPU
		{9576BFA9-33B5-4822-82FB-3912A5556156}.Debug|Any CPU.Build.0 = Debug|Any CPU
		{9576BFA9-33B5-4822-82FB-3912A5556156}.Release|Any CPU.ActiveCfg = Release|Any CPU
		{9576BFA9-33B5-4822-82FB-3912A5556156}.Release|Any CPU.Build.0 = Release|Any CPU
	EndGlobalSection
	GlobalSection(SolutionProperties) = preSolution
		HideSolutionNode = FALSE
	EndGlobalSection
EndGlobal
